
Microsoft Visual Studio Solution File, Format Version 12.00
# Visual Studio Version 16
VisualStudioVersion = 16.0.30611.23
MinimumVisualStudioVersion = 10.0.40219.1
Project("{9A19103F-16F7-4668-BE54-9A1E7A4F7556}") = "BlogProject.Entities", "BlogProject.Entities\BlogProject.Entities.csproj", "{FB85E890-4068-4C4D-BE01-9179DA09F190}"
EndProject
Project("{9A19103F-16F7-4668-BE54-9A1E7A4F7556}") = "BlogProject.DataAccess", "BlogProject.DataAccess\BlogProject.DataAccess.csproj", "{D10BFFA2-24C4-495C-8252-B379C3FD4726}"
EndProject
Project("{9A19103F-16F7-4668-BE54-9A1E7A4F7556}") = "BlogProject.Business", "BlogProject.Business\BlogProject.Business.csproj", "{2EECB793-90AD-4288-B98A-FF4FB64CBA2E}"
EndProject
Project("{FAE04EC0-301F-11D3-BF4B-00C04F79EFBC}") = "BlogProject.WebApi", "BlogProject.WebApi\BlogProject.WebApi.csproj", "{2FC6AF5D-7932-4383-AEDA-B9F8B9A481A5}"
EndProject
Project("{FAE04EC0-301F-11D3-BF4B-00C04F79EFBC}") = "BlogProject.DTO", "BlogProject.DTO\BlogProject.DTO.csproj", "{E9F52596-8DE0-41C9-BBD5-E24E108A2664}"
EndProject
Global
	GlobalSection(SolutionConfigurationPlatforms) = preSolution
		Debug|Any CPU = Debug|Any CPU
		Release|Any CPU = Release|Any CPU
	EndGlobalSection
	GlobalSection(ProjectConfigurationPlatforms) = postSolution
		{FB85E890-4068-4C4D-BE01-9179DA09F190}.Debug|Any CPU.ActiveCfg = Debug|Any CPU
		{FB85E890-4068-4C4D-BE01-9179DA09F190}.Debug|Any CPU.Build.0 = Debug|Any CPU
		{FB85E890-4068-4C4D-BE01-9179DA09F190}.Release|Any CPU.ActiveCfg = Release|Any CPU
		{FB85E890-4068-4C4D-BE01-9179DA09F190}.Release|Any CPU.Build.0 = Release|Any CPU
		{D10BFFA2-24C4-495C-8252-B379C3FD4726}.Debug|Any CPU.ActiveCfg = Debug|Any CPU
		{D10BFFA2-24C4-495C-8252-B379C3FD4726}.Debug|Any CPU.Build.0 = Debug|Any CPU
		{D10BFFA2-24C4-495C-8252-B379C3FD4726}.Release|Any CPU.ActiveCfg = Release|Any CPU
		{D10BFFA2-24C4-495C-8252-B379C3FD4726}.Release|Any CPU.Build.0 = Release|Any CPU
		{2EECB793-90AD-4288-B98A-FF4FB64CBA2E}.Debug|Any CPU.ActiveCfg = Debug|Any CPU
		{2EECB793-90AD-4288-B98A-FF4FB64CBA2E}.Debug|Any CPU.Build.0 = Debug|Any CPU
		{2EECB793-90AD-4288-B98A-FF4FB64CBA2E}.Release|Any CPU.ActiveCfg = Release|Any CPU
		{2EECB793-90AD-4288-B98A-FF4FB64CBA2E}.Release|Any CPU.Build.0 = Release|Any CPU
		{2FC6AF5D-7932-4383-AEDA-B9F8B9A481A5}.Debug|Any CPU.ActiveCfg = Debug|Any CPU
		{2FC6AF5D-7932-4383-AEDA-B9F8B9A481A5}.Debug|Any CPU.Build.0 = Debug|Any CPU
		{2FC6AF5D-7932-4383-AEDA-B9F8B9A481A5}.Release|Any CPU.ActiveCfg = Release|Any CPU
		{2FC6AF5D-7932-4383-AEDA-B9F8B9A481A5}.Release|Any CPU.Build.0 = Release|Any CPU
		{E9F52596-8DE0-41C9-BBD5-E24E108A2664}.Debug|Any CPU.ActiveCfg = Debug|Any CPU
		{E9F52596-8DE0-41C9-BBD5-E24E108A2664}.Debug|Any CPU.Build.0 = Debug|Any CPU
		{E9F52596-8DE0-41C9-BBD5-E24E108A2664}.Release|Any CPU.ActiveCfg = Release|Any CPU
		{E9F52596-8DE0-41C9-BBD5-E24E108A2664}.Release|Any CPU.Build.0 = Release|Any CPU
	EndGlobalSection
	GlobalSection(SolutionProperties) = preSolution
		HideSolutionNode = FALSE
	EndGlobalSection
	GlobalSection(ExtensibilityGlobals) = postSolution
		SolutionGuid = {B334CECE-EA12-49AF-9ED2-09E82E178B49}
	EndGlobalSection
EndGlobal
